
Microsoft Visual Studio Solution File, Format Version 12.00
# Visual Studio Version 17
VisualStudioVersion = 17.2.32602.215
MinimumVisualStudioVersion = 10.0.40219.1
Project("{FAE04EC0-301F-11D3-BF4B-00C04F79EFBC}") = "TicTacToe", "TicTacToe\TicTacToe.csproj", "{2734D32E-5230-4C2C-A342-5159FADCD1AF}"
EndProject
Global
	GlobalSection(SolutionConfigurationPlatforms) = preSolution
		Debug|Any CPU = Debug|Any CPU
		Release|Any CPU = Release|Any CPU
	EndGlobalSection
	GlobalSection(ProjectConfigurationPlatforms) = postSolution
		{2734D32E-5230-4C2C-A342-5159FADCD1AF}.Debug|Any CPU.ActiveCfg = Debug|Any CPU
		{2734D32E-5230-4C2C-A342-5159FADCD1AF}.Debug|Any CPU.Build.0 = Debug|Any CPU
		{2734D32E-5230-4C2C-A342-5159FADCD1AF}.Release|Any CPU.ActiveCfg = Release|Any CPU
		{2734D32E-5230-4C2C-A342-5159FADCD1AF}.Release|Any CPU.Build.0 = Release|Any CPU
	EndGlobalSection
	GlobalSection(SolutionProperties) = preSolution
		HideSolutionNode = FALSE
	EndGlobalSection
	GlobalSection(ExtensibilityGlobals) = postSolution
		SolutionGuid = {E90A1588-F142-46D9-8649-5EB0A2802EA5}
	EndGlobalSection
EndGlobal
